schema: '2.0'
stages:
  data_ingestion:
    cmd: python src/data/data_ingestion.py
    deps:
    - path: src/data/data_ingestion.py
      hash: md5
      md5: 09725e79e52b78ae09a21d96826b6901
      size: 3529
    params:
      params.yaml:
        data_ingestion.test_size: 0.2
    outs:
    - path: data/raw
      hash: md5
      md5: fb326d2eec197669f9638afde28356bf.dir
      size: 827973
      nfiles: 2
  data_preprocessing:
    cmd: python src/data/data_preprocessing.py
    deps:
    - path: data/raw
      hash: md5
      md5: fb326d2eec197669f9638afde28356bf.dir
      size: 827973
      nfiles: 2
    - path: src/data/data_preprocessing.py
      hash: md5
      md5: 36e61fa0c89ebd4ded60581b771928b0
      size: 3992
    outs:
    - path: data/interim
      hash: md5
      md5: c52f2290e848623bebee2a4c7bcf41e3.dir
      size: 572633
      nfiles: 2
  feature_engineering:
    cmd: python src/features/feature_engineering.py
    deps:
    - path: data/interim
      hash: md5
      md5: c52f2290e848623bebee2a4c7bcf41e3.dir
      size: 572633
      nfiles: 2
    - path: src/features/feature_engineering.py
      hash: md5
      md5: cd0fb1a16529bfd4fdb2871b60d308ec
      size: 3758
    params:
      params.yaml:
        feature_engineering.max_features: 100
    outs:
    - path: data/processed
      hash: md5
      md5: ca4f6b8a3a57fb565567d8f00647ef1a.dir
      size: 2106516
      nfiles: 2
  model_building:
    cmd: python src/models/model_building.py
    deps:
    - path: data/processed
      hash: md5
      md5: ca4f6b8a3a57fb565567d8f00647ef1a.dir
      size: 2106516
      nfiles: 2
    - path: src/models/model_building.py
      hash: md5
      md5: e13331c2ae8cbe65d2d4db5067ad84e4
      size: 3299
    params:
      params.yaml:
        model_building.learning_rate: 0.1
        model_building.n_estimators: 25
    outs:
    - path: models/model.pkl
      hash: md5
      md5: a4253ebd2df5a3d71eb79d34f51e564d
      size: 39537
  model_evaluation:
    cmd: python src/models/model_evaluation.py
    deps:
    - path: models/model.pkl
      hash: md5
      md5: a4253ebd2df5a3d71eb79d34f51e564d
      size: 39537
    - path: src/models/model_evaluation.py
      hash: md5
      md5: 761d947932c34f979530a86966d5be49
      size: 3648
    outs:
    - path: reports/metrics.json
      hash: md5
      md5: 830c31f25ab88c06a12152ff8060948f
      size: 144
